<?xml version="1.0" encoding="utf-8"?>
<Project ToolsVersion="4.0" xmlns="http://schemas.microsoft.com/developer/msbuild/2003">
  <ItemGroup>
    <Filter Include="Source Files">
      <UniqueIdentifier>{4FC737F1-C7A5-4376-A066-2A32D752A2FF}</UniqueIdentifier>
      <Extensions>cpp;c;cc;cxx;c++;def;odl;idl;hpj;bat;asm;asmx</Extensions>
    </Filter>
    <Filter Include="Header Files">
      <UniqueIdentifier>{93995380-89BD-4b04-88EB-625FBE52EBFB}</UniqueIdentifier>
      <Extensions>h;hh;hpp;hxx;h++;hm;inl;inc;ipp;xsd</Extensions>
    </Filter>
    <Filter Include="Resource Files">
      <UniqueIdentifier>{67DA6AB6-F800-4c08-8B7A-83BB121AAD01}</UniqueIdentifier>
      <Extensions>rc;ico;cur;bmp;dlg;rc2;rct;bin;rgs;gif;jpg;jpeg;jpe;resx;tiff;tif;png;wav;mfcribbon-ms</Extensions>
    </Filter>
  </ItemGroup>
  <ItemGroup>
    <ClCompile Include="src\1_WhyCpp.cpp">
      <Filter>Source Files</Filter>
    </ClCompile>
    <ClCompile Include="src\2_SetupWindows.cpp">
      <Filter>Source Files</Filter>
    </ClCompile>
    <ClCompile Include="src\3_HowCppWorks.cpp">
      <Filter>Source Files</Filter>
    </ClCompile>
    <ClCompile Include="src\3_Log.cpp">
      <Filter>Source Files</Filter>
    </ClCompile>
    <ClCompile Include="src\4_CppCompiler.cpp">
      <Filter>Source Files</Filter>
    </ClCompile>
    <ClCompile Include="src\4_Maths.cpp">
      <Filter>Source Files</Filter>
    </ClCompile>
    <ClCompile Include="src\5_CppLinker.cpp">
      <Filter>Source Files</Filter>
    </ClCompile>
    <ClCompile Include="src\5_Variables.cpp">
      <Filter>Source Files</Filter>
    </ClCompile>
    <ClCompile Include="src\6_Functions.cpp">
      <Filter>Source Files</Filter>
    </ClCompile>
    <ClCompile Include="src\7_HeaderFiles.cpp">
      <Filter>Source Files</Filter>
    </ClCompile>
    <ClCompile Include="src\8_Debugging.cpp">
      <Filter>Source Files</Filter>
    </ClCompile>
    <ClCompile Include="src\9_Ifs.cpp">
      <Filter>Source Files</Filter>
    </ClCompile>
    <ClCompile Include="src\10_VisualStudioSetup.cpp">
      <Filter>Source Files</Filter>
    </ClCompile>
    <ClCompile Include="11_Loops.cpp">
      <Filter>Source Files</Filter>
    </ClCompile>
    <ClCompile Include="12_ControlFlow.cpp">
      <Filter>Source Files</Filter>
    </ClCompile>
    <ClCompile Include="13_Pointers.cpp">
      <Filter>Source Files</Filter>
    </ClCompile>
    <ClCompile Include="14_References.cpp">
      <Filter>Source Files</Filter>
    </ClCompile>
    <ClCompile Include="15_Classes.cpp">
      <Filter>Source Files</Filter>
    </ClCompile>
    <ClCompile Include="16_ClassesVsStructs.cpp">
      <Filter>Source Files</Filter>
    </ClCompile>
    <ClCompile Include="19_WritingAClass.cpp">
      <Filter>Source Files</Filter>
    </ClCompile>
    <ClCompile Include="20_Static.cpp">
      <Filter>Source Files</Filter>
    </ClCompile>
    <ClCompile Include="21_StaticForClasses.cpp">
      <Filter>Source Files</Filter>
    </ClCompile>
    <ClCompile Include="22_LocalStatic.cpp">
      <Filter>Source Files</Filter>
    </ClCompile>
    <ClCompile Include="23_Enums.cpp">
      <Filter>Source Files</Filter>
    </ClCompile>
    <ClCompile Include="24_Constructors.cpp">
      <Filter>Source Files</Filter>
    </ClCompile>
    <ClCompile Include="25_Destructors.cpp">
      <Filter>Source Files</Filter>
    </ClCompile>
    <ClCompile Include="26_Inheritance.cpp">
      <Filter>Source Files</Filter>
    </ClCompile>
    <ClCompile Include="27_VirtualFunctions.cpp">
      <Filter>Source Files</Filter>
    </ClCompile>
    <ClCompile Include="28_Visbility.cpp">
      <Filter>Source Files</Filter>
    </ClCompile>
    <ClCompile Include="29_Arrays.cpp">
      <Filter>Source Files</Filter>
    </ClCompile>
    <ClCompile Include="30_Strings.cpp">
      <Filter>Source Files</Filter>
    </ClCompile>
    <ClCompile Include="31_StringLiterals.cpp">
      <Filter>Source Files</Filter>
    </ClCompile>
    <ClCompile Include="32_Const.cpp">
      <Filter>Source Files</Filter>
    </ClCompile>
    <ClCompile Include="33_Mutable.cpp">
      <Filter>Source Files</Filter>
    </ClCompile>
    <ClCompile Include="34_ConstructorMemberInitialiserLists.cpp">
      <Filter>Source Files</Filter>
    </ClCompile>
    <ClCompile Include="35_Ternary.cpp">
      <Filter>Source Files</Filter>
    </ClCompile>
    <ClCompile Include="36_Objects.cpp">
      <Filter>Source Files</Filter>
    </ClCompile>
    <ClCompile Include="37_New.cpp">
      <Filter>Source Files</Filter>
    </ClCompile>
    <ClCompile Include="38_ImplicitAndExplicitConversion.cpp">
      <Filter>Source Files</Filter>
    </ClCompile>
    <ClCompile Include="39_Operators.cpp">
      <Filter>Source Files</Filter>
    </ClCompile>
    <ClCompile Include="40_this.cpp">
      <Filter>Source Files</Filter>
    </ClCompile>
    <ClCompile Include="41_ObjectLifetime.cpp">
      <Filter>Source Files</Filter>
    </ClCompile>
    <ClCompile Include="42_SmartPointers.cpp">
      <Filter>Source Files</Filter>
    </ClCompile>
    <ClCompile Include="43_CopyConstructors.cpp">
      <Filter>Source Files</Filter>
    </ClCompile>
    <ClCompile Include="44_ArrowOperator.cpp">
      <Filter>Source Files</Filter>
    </ClCompile>
    <ClCompile Include="45_DynamicArrays.cpp">
      <Filter>Source Files</Filter>
    </ClCompile>
    <ClCompile Include="46_OptimisingVectors.cpp">
      <Filter>Source Files</Filter>
    </ClCompile>
    <ClCompile Include="47_Libraries.cpp">
      <Filter>Source Files</Filter>
    </ClCompile>
    <ClCompile Include="48_DynamicLibraries.cpp">
      <Filter>Source Files</Filter>
    </ClCompile>
    <ClCompile Include="49_MultipleReturnTypescpp.cpp">
      <Filter>Source Files</Filter>
    </ClCompile>
    <ClCompile Include="50_Templates.cpp">
      <Filter>Source Files</Filter>
    </ClCompile>
    <ClCompile Include="51_StackAndHeapMemory.cpp">
      <Filter>Source Files</Filter>
    </ClCompile>
    <ClCompile Include="52_Macros.cpp">
      <Filter>Source Files</Filter>
    </ClCompile>
    <ClCompile Include="53_Auto.cpp">
      <Filter>Source Files</Filter>
    </ClCompile>
    <ClCompile Include="54_StaticArrays.cpp">
      <Filter>Source Files</Filter>
    </ClCompile>
    <ClCompile Include="55_FunctionPointers.cpp">
      <Filter>Source Files</Filter>
    </ClCompile>
    <ClCompile Include="56_Lambdas.cpp">
      <Filter>Source Files</Filter>
    </ClCompile>
    <ClCompile Include="57_Namespaces.cpp">
      <Filter>Source Files</Filter>
    </ClCompile>
    <ClCompile Include="58_Threads.cpp">
      <Filter>Source Files</Filter>
    </ClCompile>
    <ClCompile Include="59_Timing.cpp">
      <Filter>Source Files</Filter>
    </ClCompile>
    <ClCompile Include="60_MultiDimensionalArrays.cpp">
      <Filter>Source Files</Filter>
    </ClCompile>
    <ClCompile Include="61_Sorting.cpp">
      <Filter>Source Files</Filter>
    </ClCompile>
  </ItemGroup>
  <ItemGroup>
    <ClInclude Include="src\Maths.h">
      <Filter>Header Files</Filter>
    </ClInclude>
    <ClInclude Include="src\Log.h">
      <Filter>Header Files</Filter>
    </ClInclude>
  </ItemGroup>
</Project>